
Microsoft Visual Studio Solution File, Format Version 12.00
# Visual Studio 15
VisualStudioVersion = 15.0.26403.0
MinimumVisualStudioVersion = 10.0.40219.1
Project("{FAE04EC0-301F-11D3-BF4B-00C04F79EFBC}") = "runner", "runner\runner.csproj", "{FDAD08B8-D9A8-41F1-956F-13395BF11A77}"
EndProject
Project("{54435603-DBB4-11D2-8724-00A0C9A8B90C}") = "Runner Setups", "Runner Setups\Runner Setups.vdproj", "{F984BC98-477F-4437-B48D-ABE049FCA53B}"
EndProject
Global
	GlobalSection(SolutionConfigurationPlatforms) = preSolution
		Debug|Any CPU = Debug|Any CPU
		Release|Any CPU = Release|Any CPU
	EndGlobalSection
	GlobalSection(ProjectConfigurationPlatforms) = postSolution
		{FDAD08B8-D9A8-41F1-956F-13395BF11A77}.Debug|Any CPU.ActiveCfg = Debug|Any CPU
		{FDAD08B8-D9A8-41F1-956F-13395BF11A77}.Debug|Any CPU.Build.0 = Debug|Any CPU
		{FDAD08B8-D9A8-41F1-956F-13395BF11A77}.Release|Any CPU.ActiveCfg = Release|Any CPU
		{FDAD08B8-D9A8-41F1-956F-13395BF11A77}.Release|Any CPU.Build.0 = Release|Any CPU
		{F984BC98-477F-4437-B48D-ABE049FCA53B}.Debug|Any CPU.ActiveCfg = Debug
		{F984BC98-477F-4437-B48D-ABE049FCA53B}.Release|Any CPU.ActiveCfg = Release
	EndGlobalSection
	GlobalSection(SolutionProperties) = preSolution
		HideSolutionNode = FALSE
	EndGlobalSection
EndGlobal
